
Microsoft Visual Studio Solution File, Format Version 12.00
# Visual Studio Version 17
VisualStudioVersion = 17.12.35514.174
MinimumVisualStudioVersion = 10.0.40219.1
Project("{9A19103F-16F7-4668-BE54-9A1E7A4F7556}") = "EcomCore", "EcomCore\EcomCore.csproj", "{2E7E3C55-8E85-47D2-8DF3-F90CB3E3CBF1}"
EndProject
Project("{2150E333-8FDC-42A3-9474-1A3956D46DE8}") = "src", "src", "{EAE572C1-EAC1-4CF5-A152-1EA5CC700C4E}"
EndProject
Project("{2150E333-8FDC-42A3-9474-1A3956D46DE8}") = "User", "User", "{50AD724E-0CBB-495C-8788-04AD77F00743}"
EndProject
Project("{2150E333-8FDC-42A3-9474-1A3956D46DE8}") = "Common", "Common", "{5FEFB344-C59B-4CA9-9FA0-4FA27E483BC1}"
EndProject
Project("{9A19103F-16F7-4668-BE54-9A1E7A4F7556}") = "UserMicroservice", "UserMicroservices\UserMicroservice.csproj", "{D328631C-92A7-499D-99BD-ACA00EC0D050}"
EndProject
Project("{2150E333-8FDC-42A3-9474-1A3956D46DE8}") = "Data", "Data", "{8B29C859-EC1D-4631-B6EC-FA1DC0B0CC44}"
EndProject
Project("{FAE04EC0-301F-11D3-BF4B-00C04F79EFBC}") = "AppDbContext", "AppDbContext\AppDbContext.csproj", "{9D69853C-546D-4611-917C-80AC756FC580}"
EndProject
Project("{2150E333-8FDC-42A3-9474-1A3956D46DE8}") = "Response", "Response", "{FF34830B-6229-4C52-9ECF-32977B8F8949}"
EndProject
Project("{FAE04EC0-301F-11D3-BF4B-00C04F79EFBC}") = "ServiceRespnse", "ServiceRespnse\ServiceRespnse.csproj", "{030B89DC-9A0C-472D-89CF-A68060353197}"
EndProject
Project("{2150E333-8FDC-42A3-9474-1A3956D46DE8}") = "Product", "Product", "{76B18788-5B8E-4BCE-BC49-A2C280A2C5AF}"
EndProject
Project("{FAE04EC0-301F-11D3-BF4B-00C04F79EFBC}") = "ProductMicroservice", "ProductMicroservice\ProductMicroservice.csproj", "{FC9B9A1E-DB34-4562-AF8B-9A6250B97386}"
EndProject
Global
	GlobalSection(SolutionConfigurationPlatforms) = preSolution
		Debug|Any CPU = Debug|Any CPU
		Release|Any CPU = Release|Any CPU
	EndGlobalSection
	GlobalSection(ProjectConfigurationPlatforms) = postSolution
		{2E7E3C55-8E85-47D2-8DF3-F90CB3E3CBF1}.Debug|Any CPU.ActiveCfg = Debug|Any CPU
		{2E7E3C55-8E85-47D2-8DF3-F90CB3E3CBF1}.Debug|Any CPU.Build.0 = Debug|Any CPU
		{2E7E3C55-8E85-47D2-8DF3-F90CB3E3CBF1}.Release|Any CPU.ActiveCfg = Release|Any CPU
		{2E7E3C55-8E85-47D2-8DF3-F90CB3E3CBF1}.Release|Any CPU.Build.0 = Release|Any CPU
		{D328631C-92A7-499D-99BD-ACA00EC0D050}.Debug|Any CPU.ActiveCfg = Debug|Any CPU
		{D328631C-92A7-499D-99BD-ACA00EC0D050}.Debug|Any CPU.Build.0 = Debug|Any CPU
		{D328631C-92A7-499D-99BD-ACA00EC0D050}.Release|Any CPU.ActiveCfg = Release|Any CPU
		{D328631C-92A7-499D-99BD-ACA00EC0D050}.Release|Any CPU.Build.0 = Release|Any CPU
		{9D69853C-546D-4611-917C-80AC756FC580}.Debug|Any CPU.ActiveCfg = Debug|Any CPU
		{9D69853C-546D-4611-917C-80AC756FC580}.Debug|Any CPU.Build.0 = Debug|Any CPU
		{9D69853C-546D-4611-917C-80AC756FC580}.Release|Any CPU.ActiveCfg = Release|Any CPU
		{9D69853C-546D-4611-917C-80AC756FC580}.Release|Any CPU.Build.0 = Release|Any CPU
		{030B89DC-9A0C-472D-89CF-A68060353197}.Debug|Any CPU.ActiveCfg = Debug|Any CPU
		{030B89DC-9A0C-472D-89CF-A68060353197}.Debug|Any CPU.Build.0 = Debug|Any CPU
		{030B89DC-9A0C-472D-89CF-A68060353197}.Release|Any CPU.ActiveCfg = Release|Any CPU
		{030B89DC-9A0C-472D-89CF-A68060353197}.Release|Any CPU.Build.0 = Release|Any CPU
		{FC9B9A1E-DB34-4562-AF8B-9A6250B97386}.Debug|Any CPU.ActiveCfg = Debug|Any CPU
		{FC9B9A1E-DB34-4562-AF8B-9A6250B97386}.Debug|Any CPU.Build.0 = Debug|Any CPU
		{FC9B9A1E-DB34-4562-AF8B-9A6250B97386}.Release|Any CPU.ActiveCfg = Release|Any CPU
		{FC9B9A1E-DB34-4562-AF8B-9A6250B97386}.Release|Any CPU.Build.0 = Release|Any CPU
	EndGlobalSection
	GlobalSection(SolutionProperties) = preSolution
		HideSolutionNode = FALSE
	EndGlobalSection
	GlobalSection(NestedProjects) = preSolution
		{50AD724E-0CBB-495C-8788-04AD77F00743} = {EAE572C1-EAC1-4CF5-A152-1EA5CC700C4E}
		{5FEFB344-C59B-4CA9-9FA0-4FA27E483BC1} = {EAE572C1-EAC1-4CF5-A152-1EA5CC700C4E}
		{D328631C-92A7-499D-99BD-ACA00EC0D050} = {50AD724E-0CBB-495C-8788-04AD77F00743}
		{8B29C859-EC1D-4631-B6EC-FA1DC0B0CC44} = {5FEFB344-C59B-4CA9-9FA0-4FA27E483BC1}
		{9D69853C-546D-4611-917C-80AC756FC580} = {8B29C859-EC1D-4631-B6EC-FA1DC0B0CC44}
		{FF34830B-6229-4C52-9ECF-32977B8F8949} = {5FEFB344-C59B-4CA9-9FA0-4FA27E483BC1}
		{030B89DC-9A0C-472D-89CF-A68060353197} = {FF34830B-6229-4C52-9ECF-32977B8F8949}
		{76B18788-5B8E-4BCE-BC49-A2C280A2C5AF} = {EAE572C1-EAC1-4CF5-A152-1EA5CC700C4E}
		{FC9B9A1E-DB34-4562-AF8B-9A6250B97386} = {76B18788-5B8E-4BCE-BC49-A2C280A2C5AF}
	EndGlobalSection
	GlobalSection(ExtensibilityGlobals) = postSolution
		SolutionGuid = {439FC574-A4AE-4E72-A3F2-4C2B339721FD}
	EndGlobalSection
EndGlobal
